
Microsoft Visual Studio Solution File, Format Version 12.00
# Visual Studio Version 17
VisualStudioVersion = 17.2.32616.157
MinimumVisualStudioVersion = 10.0.40219.1
Project("{00D1A9C2-B5F0-4AF3-8072-F6C62B433612}") = "Autopark.DB", "Autopark.DB\Autopark.DB.sqlproj", "{F7BDD871-978A-4E19-BD81-C8B34102D46D}"
EndProject
Project("{9A19103F-16F7-4668-BE54-9A1E7A4F7556}") = "Autopark.DAL", "Autopark.DAL\Autopark.DAL.csproj", "{3CDCDA2F-3DA4-4E50-BF5A-102D33FF34CA}"
EndProject
Project("{FAE04EC0-301F-11D3-BF4B-00C04F79EFBC}") = "Autopark.WEB", "Autopark.WEB\Autopark.WEB.csproj", "{F983BBD2-10F4-4F9E-B332-675AA4392469}"
EndProject
Global
	GlobalSection(SolutionConfigurationPlatforms) = preSolution
		Debug|Any CPU = Debug|Any CPU
		Release|Any CPU = Release|Any CPU
	EndGlobalSection
	GlobalSection(ProjectConfigurationPlatforms) = postSolution
		{F7BDD871-978A-4E19-BD81-C8B34102D46D}.Debug|Any CPU.ActiveCfg = Debug|Any CPU
		{F7BDD871-978A-4E19-BD81-C8B34102D46D}.Debug|Any CPU.Build.0 = Debug|Any CPU
		{F7BDD871-978A-4E19-BD81-C8B34102D46D}.Debug|Any CPU.Deploy.0 = Debug|Any CPU
		{F7BDD871-978A-4E19-BD81-C8B34102D46D}.Release|Any CPU.ActiveCfg = Release|Any CPU
		{F7BDD871-978A-4E19-BD81-C8B34102D46D}.Release|Any CPU.Build.0 = Release|Any CPU
		{F7BDD871-978A-4E19-BD81-C8B34102D46D}.Release|Any CPU.Deploy.0 = Release|Any CPU
		{3CDCDA2F-3DA4-4E50-BF5A-102D33FF34CA}.Debug|Any CPU.ActiveCfg = Debug|Any CPU
		{3CDCDA2F-3DA4-4E50-BF5A-102D33FF34CA}.Debug|Any CPU.Build.0 = Debug|Any CPU
		{3CDCDA2F-3DA4-4E50-BF5A-102D33FF34CA}.Release|Any CPU.ActiveCfg = Release|Any CPU
		{3CDCDA2F-3DA4-4E50-BF5A-102D33FF34CA}.Release|Any CPU.Build.0 = Release|Any CPU
		{F983BBD2-10F4-4F9E-B332-675AA4392469}.Debug|Any CPU.ActiveCfg = Debug|Any CPU
		{F983BBD2-10F4-4F9E-B332-675AA4392469}.Debug|Any CPU.Build.0 = Debug|Any CPU
		{F983BBD2-10F4-4F9E-B332-675AA4392469}.Release|Any CPU.ActiveCfg = Release|Any CPU
		{F983BBD2-10F4-4F9E-B332-675AA4392469}.Release|Any CPU.Build.0 = Release|Any CPU
	EndGlobalSection
	GlobalSection(SolutionProperties) = preSolution
		HideSolutionNode = FALSE
	EndGlobalSection
	GlobalSection(ExtensibilityGlobals) = postSolution
		SolutionGuid = {42EDA8F1-FA53-4103-B809-ECFE8F8CE694}
	EndGlobalSection
EndGlobal
