
Microsoft Visual Studio Solution File, Format Version 12.00
# Visual Studio Version 17
VisualStudioVersion = 17.2.32616.157
MinimumVisualStudioVersion = 10.0.40219.1
Project("{FAE04EC0-301F-11D3-BF4B-00C04F79EFBC}") = "Autopark.WEB", "Autopark.WEB\Autopark.WEB.csproj", "{FED93645-F401-473D-900B-0B0FBBB513D6}"
EndProject
Project("{00D1A9C2-B5F0-4AF3-8072-F6C62B433612}") = "Autopark.DB", "Autopark.DB\Autopark.DB.sqlproj", "{F7BDD871-978A-4E19-BD81-C8B34102D46D}"
EndProject
Global
	GlobalSection(SolutionConfigurationPlatforms) = preSolution
		Debug|Any CPU = Debug|Any CPU
		Release|Any CPU = Release|Any CPU
	EndGlobalSection
	GlobalSection(ProjectConfigurationPlatforms) = postSolution
		{FED93645-F401-473D-900B-0B0FBBB513D6}.Debug|Any CPU.ActiveCfg = Debug|Any CPU
		{FED93645-F401-473D-900B-0B0FBBB513D6}.Debug|Any CPU.Build.0 = Debug|Any CPU
		{FED93645-F401-473D-900B-0B0FBBB513D6}.Release|Any CPU.ActiveCfg = Release|Any CPU
		{FED93645-F401-473D-900B-0B0FBBB513D6}.Release|Any CPU.Build.0 = Release|Any CPU
		{F7BDD871-978A-4E19-BD81-C8B34102D46D}.Debug|Any CPU.ActiveCfg = Debug|Any CPU
		{F7BDD871-978A-4E19-BD81-C8B34102D46D}.Debug|Any CPU.Build.0 = Debug|Any CPU
		{F7BDD871-978A-4E19-BD81-C8B34102D46D}.Debug|Any CPU.Deploy.0 = Debug|Any CPU
		{F7BDD871-978A-4E19-BD81-C8B34102D46D}.Release|Any CPU.ActiveCfg = Release|Any CPU
		{F7BDD871-978A-4E19-BD81-C8B34102D46D}.Release|Any CPU.Build.0 = Release|Any CPU
		{F7BDD871-978A-4E19-BD81-C8B34102D46D}.Release|Any CPU.Deploy.0 = Release|Any CPU
	EndGlobalSection
	GlobalSection(SolutionProperties) = preSolution
		HideSolutionNode = FALSE
	EndGlobalSection
	GlobalSection(ExtensibilityGlobals) = postSolution
		SolutionGuid = {42EDA8F1-FA53-4103-B809-ECFE8F8CE694}
	EndGlobalSection
EndGlobal
